
Microsoft Visual Studio Solution File, Format Version 12.00
# Visual Studio 15
VisualStudioVersion = 15.0.27004.2002
MinimumVisualStudioVersion = 10.0.40219.1
Project("{FAE04EC0-301F-11D3-BF4B-00C04F79EFBC}") = "Common", "Common\Common.csproj", "{D89D582E-8CAC-47F3-ABEA-58524FABD72E}"
EndProject
Project("{FAE04EC0-301F-11D3-BF4B-00C04F79EFBC}") = "SetUp", "SetUp\SetUp.csproj", "{7B522550-4106-40DD-9C3F-C140AF6617B5}"
EndProject
Project("{FAE04EC0-301F-11D3-BF4B-00C04F79EFBC}") = "AzureFunctions", "AzureFunctions\AzureFunctions.csproj", "{54AC4064-3B1D-4385-A32C-7F90BF322B7C}"
EndProject
Global
	GlobalSection(SolutionConfigurationPlatforms) = preSolution
		Debug|Any CPU = Debug|Any CPU
		Release|Any CPU = Release|Any CPU
	EndGlobalSection
	GlobalSection(ProjectConfigurationPlatforms) = postSolution
		{D89D582E-8CAC-47F3-ABEA-58524FABD72E}.Debug|Any CPU.ActiveCfg = Debug|Any CPU
		{D89D582E-8CAC-47F3-ABEA-58524FABD72E}.Debug|Any CPU.Build.0 = Debug|Any CPU
		{D89D582E-8CAC-47F3-ABEA-58524FABD72E}.Release|Any CPU.ActiveCfg = Release|Any CPU
		{D89D582E-8CAC-47F3-ABEA-58524FABD72E}.Release|Any CPU.Build.0 = Release|Any CPU
		{7B522550-4106-40DD-9C3F-C140AF6617B5}.Debug|Any CPU.ActiveCfg = Debug|Any CPU
		{7B522550-4106-40DD-9C3F-C140AF6617B5}.Debug|Any CPU.Build.0 = Debug|Any CPU
		{7B522550-4106-40DD-9C3F-C140AF6617B5}.Release|Any CPU.ActiveCfg = Release|Any CPU
		{7B522550-4106-40DD-9C3F-C140AF6617B5}.Release|Any CPU.Build.0 = Release|Any CPU
		{54AC4064-3B1D-4385-A32C-7F90BF322B7C}.Debug|Any CPU.ActiveCfg = Debug|Any CPU
		{54AC4064-3B1D-4385-A32C-7F90BF322B7C}.Debug|Any CPU.Build.0 = Debug|Any CPU
		{54AC4064-3B1D-4385-A32C-7F90BF322B7C}.Release|Any CPU.ActiveCfg = Release|Any CPU
		{54AC4064-3B1D-4385-A32C-7F90BF322B7C}.Release|Any CPU.Build.0 = Release|Any CPU
	EndGlobalSection
	GlobalSection(SolutionProperties) = preSolution
		HideSolutionNode = FALSE
	EndGlobalSection
	GlobalSection(ExtensibilityGlobals) = postSolution
		SolutionGuid = {B7589AFA-9A3A-44FF-AF33-E5153D8F3395}
	EndGlobalSection
EndGlobal
